github.com/TurboG0/dog v0.0.0-20241006134305-7e17924be9bd h1:qgTnquveM3bCfa2cx/j3zN6xEdGCIQR92Wre/usebXc=
github.com/TurboG0/dog v0.0.0-20241006134305-7e17924be9bd/go.mod h1:rnK5qVpFY0G0JduCXl07TZjnGbr8p8LRvrwsWT2DKNY=
github.com/TurboG0/puppy v0.0.0-20241006134719-9f41edd86ba5 h1:aV80YNm3i0AObqOH1nzWWoUz7iGX8aJcP+bBOiC6/8g=
github.com/TurboG0/puppy v0.0.0-20241006134719-9f41edd86ba5/go.mod h1:5fT53QS9lUF7mhRyjNKVfQeY2lxg4U7IjuPz5CFu6do=
